
Microsoft Visual Studio Solution File, Format Version 12.00
# Visual Studio Version 16
VisualStudioVersion = 16.0.31729.503
MinimumVisualStudioVersion = 10.0.40219.1
Project("{9A19103F-16F7-4668-BE54-9A1E7A4F7556}") = "Zadanie1", "Zadanie1\Zadanie1.csproj", "{7E7D206C-9716-42CF-8B31-7AC2B7BA7D79}"
EndProject
Project("{9A19103F-16F7-4668-BE54-9A1E7A4F7556}") = "UnitTest1", "UnitTestCopier\UnitTest1.csproj", "{96629B8B-EA62-43DA-85C5-C13636D0989F}"
EndProject
Project("{9A19103F-16F7-4668-BE54-9A1E7A4F7556}") = "Zadanie2", "Zadanie2\Zadanie2.csproj", "{2BE2D25A-B68D-4B91-B862-41469B2E832D}"
EndProject
Project("{9A19103F-16F7-4668-BE54-9A1E7A4F7556}") = "UnitTest2", "UnitTest2\UnitTest2.csproj", "{370F4312-EB25-4A3D-B946-B16C09BFA77C}"
EndProject
Project("{FAE04EC0-301F-11D3-BF4B-00C04F79EFBC}") = "Zadanie3", "Zadanie3\Zadanie3.csproj", "{1A43EA4A-F682-4B5E-AB92-19BA96131E84}"
EndProject
Global
	GlobalSection(SolutionConfigurationPlatforms) = preSolution
		Debug|Any CPU = Debug|Any CPU
		Release|Any CPU = Release|Any CPU
	EndGlobalSection
	GlobalSection(ProjectConfigurationPlatforms) = postSolution
		{7E7D206C-9716-42CF-8B31-7AC2B7BA7D79}.Debug|Any CPU.ActiveCfg = Debug|Any CPU
		{7E7D206C-9716-42CF-8B31-7AC2B7BA7D79}.Debug|Any CPU.Build.0 = Debug|Any CPU
		{7E7D206C-9716-42CF-8B31-7AC2B7BA7D79}.Release|Any CPU.ActiveCfg = Release|Any CPU
		{7E7D206C-9716-42CF-8B31-7AC2B7BA7D79}.Release|Any CPU.Build.0 = Release|Any CPU
		{96629B8B-EA62-43DA-85C5-C13636D0989F}.Debug|Any CPU.ActiveCfg = Debug|Any CPU
		{96629B8B-EA62-43DA-85C5-C13636D0989F}.Debug|Any CPU.Build.0 = Debug|Any CPU
		{96629B8B-EA62-43DA-85C5-C13636D0989F}.Release|Any CPU.ActiveCfg = Release|Any CPU
		{96629B8B-EA62-43DA-85C5-C13636D0989F}.Release|Any CPU.Build.0 = Release|Any CPU
		{2BE2D25A-B68D-4B91-B862-41469B2E832D}.Debug|Any CPU.ActiveCfg = Debug|Any CPU
		{2BE2D25A-B68D-4B91-B862-41469B2E832D}.Debug|Any CPU.Build.0 = Debug|Any CPU
		{2BE2D25A-B68D-4B91-B862-41469B2E832D}.Release|Any CPU.ActiveCfg = Release|Any CPU
		{2BE2D25A-B68D-4B91-B862-41469B2E832D}.Release|Any CPU.Build.0 = Release|Any CPU
		{370F4312-EB25-4A3D-B946-B16C09BFA77C}.Debug|Any CPU.ActiveCfg = Debug|Any CPU
		{370F4312-EB25-4A3D-B946-B16C09BFA77C}.Debug|Any CPU.Build.0 = Debug|Any CPU
		{370F4312-EB25-4A3D-B946-B16C09BFA77C}.Release|Any CPU.ActiveCfg = Release|Any CPU
		{370F4312-EB25-4A3D-B946-B16C09BFA77C}.Release|Any CPU.Build.0 = Release|Any CPU
		{1A43EA4A-F682-4B5E-AB92-19BA96131E84}.Debug|Any CPU.ActiveCfg = Debug|Any CPU
		{1A43EA4A-F682-4B5E-AB92-19BA96131E84}.Debug|Any CPU.Build.0 = Debug|Any CPU
		{1A43EA4A-F682-4B5E-AB92-19BA96131E84}.Release|Any CPU.ActiveCfg = Release|Any CPU
		{1A43EA4A-F682-4B5E-AB92-19BA96131E84}.Release|Any CPU.Build.0 = Release|Any CPU
	EndGlobalSection
	GlobalSection(SolutionProperties) = preSolution
		HideSolutionNode = FALSE
	EndGlobalSection
	GlobalSection(ExtensibilityGlobals) = postSolution
		SolutionGuid = {00225AF5-06FE-448A-8149-F370642966BE}
	EndGlobalSection
EndGlobal
